# THIS IS AN AUTOGENERATED FILE. DO NOT EDIT THIS FILE DIRECTLY.
# yarn lockfile v1


"@babel/helper-validator-identifier@^7.14.9":
  version "7.14.9"
  resolved "https://registry.yarnpkg.com/@babel/helper-validator-identifier/-/helper-validator-identifier-7.14.9.tgz#6654d171b2024f6d8ee151bf2509699919131d48"
  integrity sha512-pQYxPY0UP6IHISRitNe8bsijHex4TWZXi2HwKVsjPiltzlhse2znVcm9Ace510VT1kxIHjGJCZZQBX2gJDbo0g==

"@babel/parser@^7.15.0":
  version "7.15.4"
  resolved "https://registry.yarnpkg.com/@babel/parser/-/parser-7.15.4.tgz#02f2931b822512d3aad17d475ae83da74a255a84"
  integrity sha512-xmzz+7fRpjrvDUj+GV7zfz/R3gSK2cOxGlazaXooxspCr539cbTXJKvBJzSVI2pPhcRGquoOtaIkKCsHQUiO3w==

"@babel/types@^7.15.0":
  version "7.15.4"
  resolved "https://registry.yarnpkg.com/@babel/types/-/types-7.15.4.tgz#74eeb86dbd6748d2741396557b9860e57fce0a0d"
  integrity sha512-0f1HJFuGmmbrKTCZtbm3cU+b/AqdEYk5toj5iQur58xkVMlS0JWaKxTBSmCXd47uiN7vbcozAupm6Mvs80GNhw==
  dependencies:
    "@babel/helper-validator-identifier" "^7.14.9"
    to-fast-properties "^2.0.0"

"@sentry/browser@^6.2.5":
  version "6.12.0"
  resolved "https://registry.yarnpkg.com/@sentry/browser/-/browser-6.12.0.tgz#970cd68fa117a1e1336fdb373e3b1fa76cd63e2d"
  integrity sha512-wsJi1NLOmfwtPNYxEC50dpDcVY7sdYckzwfqz1/zHrede1mtxpqSw+7iP4bHADOJXuF+ObYYTHND0v38GSXznQ==
  dependencies:
    "@sentry/core" "6.12.0"
    "@sentry/types" "6.12.0"
    "@sentry/utils" "6.12.0"
    tslib "^1.9.3"

"@sentry/core@6.12.0":
  version "6.12.0"
  resolved "https://registry.yarnpkg.com/@sentry/core/-/core-6.12.0.tgz#bc7c5f0785b6a392d9ad47bd9b1fae3f5389996c"
  integrity sha512-mU/zdjlzFHzdXDZCPZm8OeCw7c9xsbL49Mq0TrY0KJjLt4CJBkiq5SDTGfRsenBLgTedYhe5Z/J8Z+xVVq+MfQ==
  dependencies:
    "@sentry/hub" "6.12.0"
    "@sentry/minimal" "6.12.0"
    "@sentry/types" "6.12.0"
    "@sentry/utils" "6.12.0"
    tslib "^1.9.3"

"@sentry/hub@6.12.0":
  version "6.12.0"
  resolved "https://registry.yarnpkg.com/@sentry/hub/-/hub-6.12.0.tgz#29e323ab6a95e178fb14fffb684aa0e09707197f"
  integrity sha512-yR/UQVU+ukr42bSYpeqvb989SowIXlKBanU0cqLFDmv5LPCnaQB8PGeXwJAwWhQgx44PARhmB82S6Xor8gYNxg==
  dependencies:
    "@sentry/types" "6.12.0"
    "@sentry/utils" "6.12.0"
    tslib "^1.9.3"

"@sentry/integrations@^6.2.5":
  version "6.12.0"
  resolved "https://registry.yarnpkg.com/@sentry/integrations/-/integrations-6.12.0.tgz#d900e89c588fbe6ce1b89ce74c042574daf638bb"
  integrity sha512-M9gsVdWZp5fAFFpTjK2IBuWzW4SBxGAI3tVbYZvVx16S/BY0GsPC1dYpjJx9OTBS/8CmCWdGxnUmjACo/8w1LA==
  dependencies:
    "@sentry/types" "6.12.0"
    "@sentry/utils" "6.12.0"
    localforage "^1.8.1"
    tslib "^1.9.3"

"@sentry/minimal@6.12.0":
  version "6.12.0"
  resolved "https://registry.yarnpkg.com/@sentry/minimal/-/minimal-6.12.0.tgz#cbe20e95056cedb9709d7d5b2119ef95206a9f8c"
  integrity sha512-r3C54Q1KN+xIqUvcgX9DlcoWE7ezWvFk2pSu1Ojx9De81hVqR9u5T3sdSAP2Xma+um0zr6coOtDJG4WtYlOtsw==
  dependencies:
    "@sentry/hub" "6.12.0"
    "@sentry/types" "6.12.0"
    tslib "^1.9.3"

"@sentry/types@6.12.0":
  version "6.12.0"
  resolved "https://registry.yarnpkg.com/@sentry/types/-/types-6.12.0.tgz#b7395688a79403c6df8d8bb8d81deb8222519853"
  integrity sha512-urtgLzE4EDMAYQHYdkgC0Ei9QvLajodK1ntg71bGn0Pm84QUpaqpPDfHRU+i6jLeteyC7kWwa5O5W1m/jrjGXA==

"@sentry/utils@6.12.0":
  version "6.12.0"
  resolved "https://registry.yarnpkg.com/@sentry/utils/-/utils-6.12.0.tgz#3de261e8d11bdfdc7add64a3065d43517802e975"
  integrity sha512-oRHQ7TH5TSsJqoP9Gqq25Jvn9LKexXfAh/OoKwjMhYCGKGhqpDNUIZVgl9DWsGw5A5N5xnQyLOxDfyRV5RshdA==
  dependencies:
    "@sentry/types" "6.12.0"
    tslib "^1.9.3"

"@types/core-js@2.5.4":
  version "2.5.4"
  resolved "https://registry.yarnpkg.com/@types/core-js/-/core-js-2.5.4.tgz#fc42ebde7d9cfa7c5f2668f117449b02348e41fd"
  integrity sha512-Xwy8o12ak+iYgFr/KCVaVK5Sy+jFMiiPAID3+ObvMlBzy26XQJw5xu+a6rlHsrJENXj/AwJOGsJpVohUjAzSKQ==

"@types/node@^16.7.4":
  version "16.7.10"
  resolved "https://registry.yarnpkg.com/@types/node/-/node-16.7.10.tgz#7aa732cc47341c12a16b7d562f519c2383b6d4fc"
  integrity sha512-S63Dlv4zIPb8x6MMTgDq5WWRJQe56iBEY0O3SOFA9JrRienkOVDXSXBjjJw6HTNQYSE2JI6GMCR6LVbIMHJVvA==

"@types/regenerator-runtime@0.13.0":
  version "0.13.0"
  resolved "https://registry.yarnpkg.com/@types/regenerator-runtime/-/regenerator-runtime-0.13.0.tgz#8b81e6047da0fbb71927c23d749e2a9edf9aad9b"
  integrity sha512-U5osy6qZU3lOPGQRHGDIAt/hC/jAE7zP4Aq258UMXnF8/htmZ+72ALrSsmWTtqML7lCztKkKaPz6Pb5XHJF0Vw==

"@vue/compiler-core@3.2.6":
  version "3.2.6"
  resolved "https://registry.yarnpkg.com/@vue/compiler-core/-/compiler-core-3.2.6.tgz#7162bb0670273f04566af0d353009187ab577915"
  integrity sha512-vbwnz7+OhtLO5p5i630fTuQCL+MlUpEMTKHuX+RfetQ+3pFCkItt2JUH+9yMaBG2Hkz6av+T9mwN/acvtIwpbw==
  dependencies:
    "@babel/parser" "^7.15.0"
    "@babel/types" "^7.15.0"
    "@vue/shared" "3.2.6"
    estree-walker "^2.0.2"
    source-map "^0.6.1"

"@vue/compiler-dom@3.2.6":
  version "3.2.6"
  resolved "https://registry.yarnpkg.com/@vue/compiler-dom/-/compiler-dom-3.2.6.tgz#3764d7fe1a696e39fb2a3c9d638da0749e369b2d"
  integrity sha512-+a/3oBAzFIXhHt8L5IHJOTP4a5egzvpXYyi13jR7CUYOR1S+Zzv7vBWKYBnKyJLwnrxTZnTQVjeHCgJq743XKg==
  dependencies:
    "@vue/compiler-core" "3.2.6"
    "@vue/shared" "3.2.6"

"@vue/devtools-api@^6.0.0-beta.14":
  version "6.0.0-beta.15"
  resolved "https://registry.yarnpkg.com/@vue/devtools-api/-/devtools-api-6.0.0-beta.15.tgz#ad7cb384e062f165bcf9c83732125bffbc2ad83d"
  integrity sha512-quBx4Jjpexo6KDiNUGFr/zF/2A4srKM9S9v2uHgMXSU//hjgq1eGzqkIFql8T9gfX5ZaVOUzYBP3jIdIR3PKIA==

"@vue/reactivity@3.2.6":
  version "3.2.6"
  resolved "https://registry.yarnpkg.com/@vue/reactivity/-/reactivity-3.2.6.tgz#b8993fa6f48545178e588e25a9c9431a1c1b7d50"
  integrity sha512-8vIDD2wpCnYisNNZjmcIj+Rixn0uhZNY3G1vzlgdVdLygeRSuFjkmnZk6WwvGzUWpKfnG0e/NUySM3mVi59hAA==
  dependencies:
    "@vue/shared" "3.2.6"

"@vue/runtime-core@3.2.6":
  version "3.2.6"
  resolved "https://registry.yarnpkg.com/@vue/runtime-core/-/runtime-core-3.2.6.tgz#376baeef7fe02a62377d46d0d0a8ab9510db1d8e"
  integrity sha512-3mqtgpj/YSGFxtvTufSERRApo92B16JNNxz9p+5eG6PPuqTmuRJz214MqhKBEgLEAIQ6R6YCbd83ZDtjQnyw2g==
  dependencies:
    "@vue/reactivity" "3.2.6"
    "@vue/shared" "3.2.6"

"@vue/runtime-dom@3.2.6":
  version "3.2.6"
  resolved "https://registry.yarnpkg.com/@vue/runtime-dom/-/runtime-dom-3.2.6.tgz#0f74dbca84d56c222fbfbd53415b260386859a3b"
  integrity sha512-fq33urnP0BNCGm2O3KCzkJlKIHI80C94HJ4qDZbjsTtxyOn5IHqwKSqXVN3RQvO6epcQH+sWS+JNwcNDPzoasg==
  dependencies:
    "@vue/runtime-core" "3.2.6"
    "@vue/shared" "3.2.6"
    csstype "^2.6.8"

"@vue/shared@3.2.6":
  version "3.2.6"
  resolved "https://registry.yarnpkg.com/@vue/shared/-/shared-3.2.6.tgz#2c22bae88fe2b7b59fa68a9c9c4cd60bae2c1794"
  integrity sha512-uwX0Qs2e6kdF+WmxwuxJxOnKs/wEkMArtYpHSm7W+VY/23Tl8syMRyjnzEeXrNCAP0/8HZxEGkHJsjPEDNRuHw==

core-js@3.7.0:
  version "3.7.0"
  resolved "https://registry.yarnpkg.com/core-js/-/core-js-3.7.0.tgz#b0a761a02488577afbf97179e4681bf49568520f"
  integrity sha512-NwS7fI5M5B85EwpWuIwJN4i/fbisQUwLwiSNUWeXlkAZ0sbBjLEvLvFLf1uzAUV66PcEPt4xCGCmOZSxVf3xzA==

csstype@^2.6.8:
  version "2.6.17"
  resolved "https://registry.yarnpkg.com/csstype/-/csstype-2.6.17.tgz#4cf30eb87e1d1a005d8b6510f95292413f6a1c0e"
  integrity sha512-u1wmTI1jJGzCJzWndZo8mk4wnPTZd1eOIYTYvuEyOQGfmDl3TrabCCfKnOC86FZwW/9djqTl933UF/cS425i9A==

estree-walker@^2.0.2:
  version "2.0.2"
  resolved "https://registry.yarnpkg.com/estree-walker/-/estree-walker-2.0.2.tgz#52f010178c2a4c117a7757cfe942adb7d2da4cac"
  integrity sha512-Rfkk/Mp/DL7JVje3u18FxFujQlTNR2q6QfMSMB7AvCBx91NGj/ba3kCfza0f6dVDbw7YlRf/nDrn7pQrCCyQ/w==

immediate@~3.0.5:
  version "3.0.6"
  resolved "https://registry.yarnpkg.com/immediate/-/immediate-3.0.6.tgz#9db1dbd0faf8de6fbe0f5dd5e56bb606280de69b"
  integrity sha1-nbHb0Pr43m++D13V5Wu2BigN5ps=

lie@3.1.1:
  version "3.1.1"
  resolved "https://registry.yarnpkg.com/lie/-/lie-3.1.1.tgz#9a436b2cc7746ca59de7a41fa469b3efb76bd87e"
  integrity sha1-mkNrLMd0bKWd56QfpGmz77dr2H4=
  dependencies:
    immediate "~3.0.5"

localforage@^1.8.1:
  version "1.10.0"
  resolved "https://registry.yarnpkg.com/localforage/-/localforage-1.10.0.tgz#5c465dc5f62b2807c3a84c0c6a1b1b3212781dd4"
  integrity sha512-14/H1aX7hzBBmmh7sGPd+AOMkkIrHM3Z1PAyGgZigA1H1p5O5ANnMyWzvpAETtG68/dC4pC0ncy3+PPGzXZHPg==
  dependencies:
    lie "3.1.1"

regenerator-runtime@0.13.7:
  version "0.13.7"
  resolved "https://registry.yarnpkg.com/regenerator-runtime/-/regenerator-runtime-0.13.7.tgz#cac2dacc8a1ea675feaabaeb8ae833898ae46f55"
  integrity sha512-a54FxoJDIr27pgf7IgeQGxmqUNYrcV338lf/6gH456HZ/PhX+5BcwHXG9ajESmwe6WRO0tAzRUrRmNONWgkrew==

source-map@^0.6.1:
  version "0.6.1"
  resolved "https://registry.yarnpkg.com/source-map/-/source-map-0.6.1.tgz#74722af32e9614e9c287a8d0bbde48b5e2f1a263"
  integrity sha512-UjgapumWlbMhkBgzT7Ykc5YXUT46F0iKu8SGXq0bcwP5dz/h0Plj6enJqjz1Zbq2l5WaqYnrVbwWOWMyF3F47g==

to-fast-properties@^2.0.0:
  version "2.0.0"
  resolved "https://registry.yarnpkg.com/to-fast-properties/-/to-fast-properties-2.0.0.tgz#dc5e698cbd079265bc73e0377681a4e4e83f616e"
  integrity sha1-3F5pjL0HkmW8c+A3doGk5Og/YW4=

tslib@^1.9.3:
  version "1.14.1"
  resolved "https://registry.yarnpkg.com/tslib/-/tslib-1.14.1.tgz#cf2d38bdc34a134bcaf1091c41f6619e2f672d00"
  integrity sha512-Xni35NKzjgMrwevysHTCArtLDpPvye8zV/0E4EyYn43P7/7qvQwPh9BGkHewbMulVntbigmcT7rdX3BNo9wRJg==

vue-router@4.0.11:
  version "4.0.11"
  resolved "https://registry.yarnpkg.com/vue-router/-/vue-router-4.0.11.tgz#cd649a0941c635281763a20965b599643ddc68ed"
  integrity sha512-sha6I8fx9HWtvTrFZfxZkiQQBpqSeT+UCwauYjkdOQYRvwsGwimlQQE2ayqUwuuXGzquFpCPoXzYKWlzL4OuXg==
  dependencies:
    "@vue/devtools-api" "^6.0.0-beta.14"

vue@3.2.6:
  version "3.2.6"
  resolved "https://registry.yarnpkg.com/vue/-/vue-3.2.6.tgz#c71445078751f458648fd8fb3a2da975507d03d2"
  integrity sha512-Zlb3LMemQS3Xxa6xPsecu45bNjr1hxO8Bh5FUmE0Dr6Ot0znZBKiM47rK6O7FTcakxOnvVN+NTXWJF6u8ajpCQ==
  dependencies:
    "@vue/compiler-dom" "3.2.6"
    "@vue/runtime-dom" "3.2.6"
    "@vue/shared" "3.2.6"
